
Microsoft Visual Studio Solution File, Format Version 12.00
# Visual Studio Version 16
VisualStudioVersion = 16.0.32929.386
MinimumVisualStudioVersion = 10.0.40219.1
Project("{9A19103F-16F7-4668-BE54-9A1E7A4F7556}") = "XRTSoft.PowerApps.PowerFind", "XRTSoft.PowerApps.PowerFind.csproj", "{1656308A-2FF9-473B-A837-6AE13C28526D}"
EndProject
Global
	GlobalSection(SolutionConfigurationPlatforms) = preSolution
		Debug|Any CPU = Debug|Any CPU
		Release|Any CPU = Release|Any CPU
	EndGlobalSection
	GlobalSection(ProjectConfigurationPlatforms) = postSolution
		{1656308A-2FF9-473B-A837-6AE13C28526D}.Debug|Any CPU.ActiveCfg = Debug|Any CPU
		{1656308A-2FF9-473B-A837-6AE13C28526D}.Debug|Any CPU.Build.0 = Debug|Any CPU
		{1656308A-2FF9-473B-A837-6AE13C28526D}.Release|Any CPU.ActiveCfg = Release|Any CPU
		{1656308A-2FF9-473B-A837-6AE13C28526D}.Release|Any CPU.Build.0 = Release|Any CPU
	EndGlobalSection
	GlobalSection(SolutionProperties) = preSolution
		HideSolutionNode = FALSE
	EndGlobalSection
	GlobalSection(ExtensibilityGlobals) = postSolution
		SolutionGuid = {680270F6-8E74-4F40-A3CA-D16515F1AAFB}
	EndGlobalSection
EndGlobal
